<Solution>
  <Folder Name="/src/">
    <Project Path="src/EventsAPI.Application/EventsAPI.Application.csproj" />
    <Project Path="src/EventsAPI.Domain/EventsAPI.Domain.csproj" />
    <Project Path="src/EventsAPI.Infrastructure/EventsAPI.Infrastructure.csproj" />
    <Project Path="src/EventsAPI.Presentation/EventsAPI.Presentation.csproj" />
  </Folder>
  <Folder Name="/tests/">
    <Project Path="EventApi.IntegrationTests/EventApi.IntegrationTests.csproj" />
    <Project Path="EventService.Tests/EventService.Tests.csproj" Id="b2f11f2a-3113-4b64-bedc-170ffa83e2d5" />
  </Folder>
  <Folder Name="/Элементы решения/">
    <File Path=".gitignore" />
    <File Path="README.md" />
  </Folder>
</Solution>
